
Microsoft Visual Studio Solution File, Format Version 12.00
# Visual Studio Version 16
VisualStudioVersion = 16.0.29318.209
MinimumVisualStudioVersion = 10.0.40219.1
Project("{FAE04EC0-301F-11D3-BF4B-00C04F79EFBC}") = "H19", "H19.csproj", "{7CE921CA-A63F-4BBB-8F01-522126DC3F72}"
EndProject
Global
	GlobalSection(SolutionConfigurationPlatforms) = preSolution
		Debug|Any CPU = Debug|Any CPU
		Release|Any CPU = Release|Any CPU
	EndGlobalSection
	GlobalSection(ProjectConfigurationPlatforms) = postSolution
		{7CE921CA-A63F-4BBB-8F01-522126DC3F72}.Debug|Any CPU.ActiveCfg = Debug|Any CPU
		{7CE921CA-A63F-4BBB-8F01-522126DC3F72}.Debug|Any CPU.Build.0 = Debug|Any CPU
		{7CE921CA-A63F-4BBB-8F01-522126DC3F72}.Release|Any CPU.ActiveCfg = Release|Any CPU
		{7CE921CA-A63F-4BBB-8F01-522126DC3F72}.Release|Any CPU.Build.0 = Release|Any CPU
	EndGlobalSection
	GlobalSection(SolutionProperties) = preSolution
		HideSolutionNode = FALSE
	EndGlobalSection
	GlobalSection(ExtensibilityGlobals) = postSolution
		SolutionGuid = {BDBF745B-2AA2-4B12-B6DD-3801EAA98677}
	EndGlobalSection
EndGlobal
